// !$*UTF8*$!
{
	archiveVersion = 1;
	classes = {
	};
	objectVersion = 77;
	objects = {

/* Begin PBXContainerItemProxy section */
		044D5E842D645C3E00703033 /* PBXContainerItemProxy */ = {
			isa = PBXContainerItemProxy;
			containerPortal = 044D5E692D645C3D00703033 /* Project object */;
			proxyType = 1;
			remoteGlobalIDString = 044D5E702D645C3D00703033;
			remoteInfo = "Mustang Metrics";
		};
		044D5E8E2D645C3E00703033 /* PBXContainerItemProxy */ = {
			isa = PBXContainerItemProxy;
			containerPortal = 044D5E692D645C3D00703033 /* Project object */;
			proxyType = 1;
			remoteGlobalIDString = 044D5E702D645C3D00703033;
			remoteInfo = "Mustang Metrics";
		};
/* End PBXContainerItemProxy section */

/* Begin PBXFileReference section */
		044D5E712D645C3D00703033 /* Mustang Metrics.app */ = {isa = PBXFileReference; explicitFileType = wrapper.application; includeInIndex = 0; path = "Mustang Metrics.app"; sourceTree = BUILT_PRODUCTS_DIR; };
		044D5E832D645C3E00703033 /* Mustang MetricsTests.xctest */ = {isa = PBXFileReference; explicitFileType = wrapper.cfbundle; includeInIndex = 0; path = "Mustang MetricsTests.xctest"; sourceTree = BUILT_PRODUCTS_DIR; };
		044D5E8D2D645C3E00703033 /* Mustang MetricsUITests.xctest */ = {isa = PBXFileReference; explicitFileType = wrapper.cfbundle; includeInIndex = 0; path = "Mustang MetricsUITests.xctest"; sourceTree = BUILT_PRODUCTS_DIR; };
/* End PBXFileReference section */

/* Begin PBXFileSystemSynchronizedRootGroup section */
		044D5E732D645C3D00703033 /* Mustang Metrics */ = {
			isa = PBXFileSystemSynchronizedRootGroup;
			path = "Mustang Metrics";
			sourceTree = "<group>";
		};
		044D5E862D645C3E00703033 /* Mustang MetricsTests */ = {
			isa = PBXFileSystemSynchronizedRootGroup;
			path = "Mustang MetricsTests";
			sourceTree = "<group>";
		};
		044D5E902D645C3E00703033 /* Mustang MetricsUITests */ = {
			isa = PBXFileSystemSynchronizedRootGroup;
			path = "Mustang MetricsUITests";
			sourceTree = "<group>";
		};
/* End PBXFileSystemSynchronizedRootGroup section */

/* Begin PBXFrameworksBuildPhase section */
		044D5E6E2D645C3D00703033 /* Frameworks */ = {
			isa = PBXFrameworksBuildPhase;
			buildActionMask = 2147483647;
			files = (
			);
			runOnlyForDeploymentPostprocessing = 0;
		};
		044D5E802D645C3E00703033 /* Frameworks */ = {
			isa = PBXFrameworksBuildPhase;
			buildActionMask = 2147483647;
			files = (
			);
			runOnlyForDeploymentPostprocessing = 0;
		};
		044D5E8A2D645C3E00703033 /* Frameworks */ = {
			isa = PBXFrameworksBuildPhase;
			buildActionMask = 2147483647;
			files = (
			);
			runOnlyForDeploymentPostprocessing = 0;
		};
/* End PBXFrameworksBuildPhase section */

/* Begin PBXGroup section */
		044D5E682D645C3D00703033 = {
			isa = PBXGroup;
			children = (
				044D5E732D645C3D00703033 /* Mustang Metrics */,
				044D5E862D645C3E00703033 /* Mustang MetricsTests */,
				044D5E902D645C3E00703033 /* Mustang MetricsUITests */,
				044D5E722D645C3D00703033 /* Products */,
			);
			sourceTree = "<group>";
		};
		044D5E722D645C3D00703033 /* Products */ = {
			isa = PBXGroup;
			children = (
				044D5E712D645C3D00703033 /* Mustang Metrics.app */,
				044D5E832D645C3E00703033 /* Mustang MetricsTests.xctest */,
				044D5E8D2D645C3E00703033 /* Mustang MetricsUITests.xctest */,
			);
			name = Products;
			sourceTree = "<group>";
		};
/* End PBXGroup section */

/* Begin PBXNativeTarget section */
		044D5E702D645C3D00703033 /* Mustang Metrics */ = {
			isa = PBXNativeTarget;
			buildConfigurationList = 044D5E972D645C3E00703033 /* Build configuration list for PBXNativeTarget "Mustang Metrics" */;
			buildPhases = (
				044D5E6D2D645C3D00703033 /* Sources */,
				044D5E6E2D645C3D00703033 /* Frameworks */,
				044D5E6F2D645C3D00703033 /* Resources */,
			);
			buildRules = (
			);
			dependencies = (
			);
			fileSystemSynchronizedGroups = (
				044D5E732D645C3D00703033 /* Mustang Metrics */,
			);
			name = "Mustang Metrics";
			packageProductDependencies = (
			);
			productName = "Mustang Metrics";
			productReference = 044D5E712D645C3D00703033 /* Mustang Metrics.app */;
			productType = "com.apple.product-type.application";
		};
		044D5E822D645C3E00703033 /* Mustang MetricsTests */ = {
			isa = PBXNativeTarget;
			buildConfigurationList = 044D5E9A2D645C3E00703033 /* Build configuration list for PBXNativeTarget "Mustang MetricsTests" */;
			buildPhases = (
				044D5E7F2D645C3E00703033 /* Sources */,
				044D5E802D645C3E00703033 /* Frameworks */,
				044D5E812D645C3E00703033 /* Resources */,
			);
			buildRules = (
			);
			dependencies = (
				044D5E852D645C3E00703033 /* PBXTargetDependency */,
			);
			fileSystemSynchronizedGroups = (
				044D5E862D645C3E00703033 /* Mustang MetricsTests */,
			);
			name = "Mustang MetricsTests";
			packageProductDependencies = (
			);
			productName = "Mustang MetricsTests";
			productReference = 044D5E832D645C3E00703033 /* Mustang MetricsTests.xctest */;
			productType = "com.apple.product-type.bundle.unit-test";
		};
		044D5E8C2D645C3E00703033 /* Mustang MetricsUITests */ = {
			isa = PBXNativeTarget;
			buildConfigurationList = 044D5E9D2D645C3E00703033 /* Build configuration list for PBXNativeTarget "Mustang MetricsUITests" */;
			buildPhases = (
				044D5E892D645C3E00703033 /* Sources */,
				044D5E8A2D645C3E00703033 /* Frameworks */,
				044D5E8B2D645C3E00703033 /* Resources */,
			);
			buildRules = (
			);
			dependencies = (
				044D5E8F2D645C3E00703033 /* PBXTargetDependency */,
			);
			fileSystemSynchronizedGroups = (
				044D5E902D645C3E00703033 /* Mustang MetricsUITests */,
			);
			name = "Mustang MetricsUITests";
			packageProductDependencies = (
			);
			productName = "Mustang MetricsUITests";
			productReference = 044D5E8D2D645C3E00703033 /* Mustang MetricsUITests.xctest */;
			productType = "com.apple.product-type.bundle.ui-testing";
		};
/* End PBXNativeTarget section */

/* Begin PBXProject section */
		044D5E692D645C3D00703033 /* Project object */ = {
			isa = PBXProject;
			attributes = {
				BuildIndependentTargetsInParallel = 1;
				LastSwiftUpdateCheck = 1620;
				LastUpgradeCheck = 1620;
				TargetAttributes = {
					044D5E702D645C3D00703033 = {
						CreatedOnToolsVersion = 16.2;
					};
					044D5E822D645C3E00703033 = {
						CreatedOnToolsVersion = 16.2;
						TestTargetID = 044D5E702D645C3D00703033;
					};
					044D5E8C2D645C3E00703033 = {
						CreatedOnToolsVersion = 16.2;
						TestTargetID = 044D5E702D645C3D00703033;
					};
				};
			};
			buildConfigurationList = 044D5E6C2D645C3D00703033 /* Build configuration list for PBXProject "Mustang Metrics" */;
			developmentRegion = en;
			hasScannedForEncodings = 0;
			knownRegions = (
				en,
				Base,
			);
			mainGroup = 044D5E682D645C3D00703033;
			minimizedProjectReferenceProxies = 1;
			preferredProjectObjectVersion = 77;
			productRefGroup = 044D5E722D645C3D00703033 /* Products */;
			projectDirPath = "";
			projectRoot = "";
			targets = (
				044D5E702D645C3D00703033 /* Mustang Metrics */,
				044D5E822D645C3E00703033 /* Mustang MetricsTests */,
				044D5E8C2D645C3E00703033 /* Mustang MetricsUITests */,
			);
		};
/* End PBXProject section */

/* Begin PBXResourcesBuildPhase section */
		044D5E6F2D645C3D00703033 /* Resources */ = {
			isa = PBXResourcesBuildPhase;
			buildActionMask = 2147483647;
			files = (
			);
			runOnlyForDeploymentPostprocessing = 0;
		};
		044D5E812D645C3E00703033 /* Resources */ = {
			isa = PBXResourcesBuildPhase;
			buildActionMask = 2147483647;
			files = (
			);
			runOnlyForDeploymentPostprocessing = 0;
		};
		044D5E8B2D645C3E00703033 /* Resources */ = {
			isa = PBXResourcesBuildPhase;
			buildActionMask = 2147483647;
			files = (
			);
			runOnlyForDeploymentPostprocessing = 0;
		};
/* End PBXResourcesBuildPhase section */

/* Begin PBXSourcesBuildPhase section */
		044D5E6D2D645C3D00703033 /* Sources */ = {
			isa = PBXSourcesBuildPhase;
			buildActionMask = 2147483647;
			files = (
			);
			runOnlyForDeploymentPostprocessing = 0;
		};
		044D5E7F2D645C3E00703033 /* Sources */ = {
			isa = PBXSourcesBuildPhase;
			buildActionMask = 2147483647;
			files = (
			);
			runOnlyForDeploymentPostprocessing = 0;
		};
		044D5E892D645C3E00703033 /* Sources */ = {
			isa = PBXSourcesBuildPhase;
			buildActionMask = 2147483647;
			files = (
			);
			runOnlyForDeploymentPostprocessing = 0;
		};
/* End PBXSourcesBuildPhase section */

/* Begin PBXTargetDependency section */
		044D5E852D645C3E00703033 /* PBXTargetDependency */ = {
			isa = PBXTargetDependency;
			target = 044D5E702D645C3D00703033 /* Mustang Metrics */;
			targetProxy = 044D5E842D645C3E00703033 /* PBXContainerItemProxy */;
		};
		044D5E8F2D645C3E00703033 /* PBXTargetDependency */ = {
			isa = PBXTargetDependency;
			target = 044D5E702D645C3D00703033 /* Mustang Metrics */;
			targetProxy = 044D5E8E2D645C3E00703033 /* PBXContainerItemProxy */;
		};
/* End PBXTargetDependency section */

/* Begin XCBuildConfiguration section */
		044D5E952D645C3E00703033 /* Debug */ = {
			isa = XCBuildConfiguration;
			buildSettings = {
				ALWAYS_SEARCH_USER_PATHS = NO;
				ASSETCATALOG_COMPILER_GENERATE_SWIFT_ASSET_SYMBOL_EXTENSIONS = YES;
				CLANG_ANALYZER_NONNULL = YES;
				CLANG_ANALYZER_NUMBER_OBJECT_CONVERSION = YES_AGGRESSIVE;
				CLANG_CXX_LANGUAGE_STANDARD = "gnu++20";
				CLANG_ENABLE_MODULES = YES;
				CLANG_ENABLE_OBJC_ARC = YES;
				CLANG_ENABLE_OBJC_WEAK = YES;
				CLANG_WARN_BLOCK_CAPTURE_AUTORELEASING = YES;
				CLANG_WARN_BOOL_CONVERSION = YES;
				CLANG_WARN_COMMA = YES;
				CLANG_WARN_CONSTANT_CONVERSION = YES;
				CLANG_WARN_DEPRECATED_OBJC_IMPLEMENTATIONS = YES;
				CLANG_WARN_DIRECT_OBJC_ISA_USAGE = YES_ERROR;
				CLANG_WARN_DOCUMENTATION_COMMENTS = YES;
				CLANG_WARN_EMPTY_BODY = YES;
				CLANG_WARN_ENUM_CONVERSION = YES;
				CLANG_WARN_INFINITE_RECURSION = YES;
				CLANG_WARN_INT_CONVERSION = YES;
				CLANG_WARN_NON_LITERAL_NULL_CONVERSION = YES;
				CLANG_WARN_OBJC_IMPLICIT_RETAIN_SELF = YES;
				CLANG_WARN_OBJC_LITERAL_CONVERSION = YES;
				CLANG_WARN_OBJC_ROOT_CLASS = YES_ERROR;
				CLANG_WARN_QUOTED_INCLUDE_IN_FRAMEWORK_HEADER = YES;
				CLANG_WARN_RANGE_LOOP_ANALYSIS = YES;
				CLANG_WARN_STRICT_PROTOTYPES = YES;
				CLANG_WARN_SUSPICIOUS_MOVE = YES;
				CLANG_WARN_UNGUARDED_AVAILABILITY = YES_AGGRESSIVE;
				CLANG_WARN_UNREACHABLE_CODE = YES;
				CLANG_WARN__DUPLICATE_METHOD_MATCH = YES;
				COPY_PHASE_STRIP = NO;
				DEBUG_INFORMATION_FORMAT = dwarf;
				ENABLE_STRICT_OBJC_MSGSEND = YES;
				ENABLE_TESTABILITY = YES;
				ENABLE_USER_SCRIPT_SANDBOXING = YES;
				GCC_C_LANGUAGE_STANDARD = gnu17;
				GCC_DYNAMIC_NO_PIC = NO;
				GCC_NO_COMMON_BLOCKS = YES;
				GCC_OPTIMIZATION_LEVEL = 0;
				GCC_PREPROCESSOR_DEFINITIONS = (
					"DEBUG=1",
					"$(inherited)",
				);
				GCC_WARN_64_TO_32_BIT_CONVERSION = YES;
				GCC_WARN_ABOUT_RETURN_TYPE = YES_ERROR;
				GCC_WARN_UNDECLARED_SELECTOR = YES;
				GCC_WARN_UNINITIALIZED_AUTOS = YES_AGGRESSIVE;
				GCC_WARN_UNUSED_FUNCTION = YES;
				GCC_WARN_UNUSED_VARIABLE = YES;
				IPHONEOS_DEPLOYMENT_TARGET = 18.2;
				LOCALIZATION_PREFERS_STRING_CATALOGS = YES;
				MTL_ENABLE_DEBUG_INFO = INCLUDE_SOURCE;
				MTL_FAST_MATH = YES;
				ONLY_ACTIVE_ARCH = YES;
				SDKROOT = iphoneos;
				SWIFT_ACTIVE_COMPILATION_CONDITIONS = "DEBUG $(inherited)";
				SWIFT_OPTIMIZATION_LEVEL = "-Onone";
			};
			name = Debug;
		};
		044D5E962D645C3E00703033 /* Release */ = {
			isa = XCBuildConfiguration;
			buildSettings = {
				ALWAYS_SEARCH_USER_PATHS = NO;
				ASSETCATALOG_COMPILER_GENERATE_SWIFT_ASSET_SYMBOL_EXTENSIONS = YES;
				CLANG_ANALYZER_NONNULL = YES;
				CLANG_ANALYZER_NUMBER_OBJECT_CONVERSION = YES_AGGRESSIVE;
				CLANG_CXX_LANGUAGE_STANDARD = "gnu++20";
				CLANG_ENABLE_MODULES = YES;
				CLANG_ENABLE_OBJC_ARC = YES;
				CLANG_ENABLE_OBJC_WEAK = YES;
				CLANG_WARN_BLOCK_CAPTURE_AUTORELEASING = YES;
				CLANG_WARN_BOOL_CONVERSION = YES;
				CLANG_WARN_COMMA = YES;
				CLANG_WARN_CONSTANT_CONVERSION = YES;
				CLANG_WARN_DEPRECATED_OBJC_IMPLEMENTATIONS = YES;
				CLANG_WARN_DIRECT_OBJC_ISA_USAGE = YES_ERROR;
				CLANG_WARN_DOCUMENTATION_COMMENTS = YES;
				CLANG_WARN_EMPTY_BODY = YES;
				CLANG_WARN_ENUM_CONVERSION = YES;
				CLANG_WARN_INFINITE_RECURSION = YES;
				CLANG_WARN_INT_CONVERSION = YES;
				CLANG_WARN_NON_LITERAL_NULL_CONVERSION = YES;
				CLANG_WARN_OBJC_IMPLICIT_RETAIN_SELF = YES;
				CLANG_WARN_OBJC_LITERAL_CONVERSION = YES;
				CLANG_WARN_OBJC_ROOT_CLASS = YES_ERROR;
				CLANG_WARN_QUOTED_INCLUDE_IN_FRAMEWORK_HEADER = YES;
				CLANG_WARN_RANGE_LOOP_ANALYSIS = YES;
				CLANG_WARN_STRICT_PROTOTYPES = YES;
				CLANG_WARN_SUSPICIOUS_MOVE = YES;
				CLANG_WARN_UNGUARDED_AVAILABILITY = YES_AGGRESSIVE;
				CLANG_WARN_UNREACHABLE_CODE = YES;
				CLANG_WARN__DUPLICATE_METHOD_MATCH = YES;
				COPY_PHASE_STRIP = NO;
				DEBUG_INFORMATION_FORMAT = "dwarf-with-dsym";
				ENABLE_NS_ASSERTIONS = NO;
				ENABLE_STRICT_OBJC_MSGSEND = YES;
				ENABLE_USER_SCRIPT_SANDBOXING = YES;
				GCC_C_LANGUAGE_STANDARD = gnu17;
				GCC_NO_COMMON_BLOCKS = YES;
				GCC_WARN_64_TO_32_BIT_CONVERSION = YES;
				GCC_WARN_ABOUT_RETURN_TYPE = YES_ERROR;
				GCC_WARN_UNDECLARED_SELECTOR = YES;
				GCC_WARN_UNINITIALIZED_AUTOS = YES_AGGRESSIVE;
				GCC_WARN_UNUSED_FUNCTION = YES;
				GCC_WARN_UNUSED_VARIABLE = YES;
				IPHONEOS_DEPLOYMENT_TARGET = 18.2;
				LOCALIZATION_PREFERS_STRING_CATALOGS = YES;
				MTL_ENABLE_DEBUG_INFO = NO;
				MTL_FAST_MATH = YES;
				SDKROOT = iphoneos;
				SWIFT_COMPILATION_MODE = wholemodule;
				VALIDATE_PRODUCT = YES;
			};
			name = Release;
		};
		044D5E982D645C3E00703033 /* Debug */ = {
			isa = XCBuildConfiguration;
			buildSettings = {
				ASSETCATALOG_COMPILER_APPICON_NAME = AppIcon;
				ASSETCATALOG_COMPILER_GLOBAL_ACCENT_COLOR_NAME = AccentColor;
				CODE_SIGN_STYLE = Automatic;
				CURRENT_PROJECT_VERSION = 1;
				DEVELOPMENT_ASSET_PATHS = "\"Mustang Metrics/Preview Content\"";
				ENABLE_PREVIEWS = YES;
				GENERATE_INFOPLIST_FILE = YES;
				INFOPLIST_KEY_UIApplicationSceneManifest_Generation = YES;
				INFOPLIST_KEY_UIApplicationSupportsIndirectInputEvents = YES;
				INFOPLIST_KEY_UILaunchScreen_Generation = YES;
				INFOPLIST_KEY_UISupportedInterfaceOrientations_iPad = "UIInterfaceOrientationPortrait UIInterfaceOrientationPortraitUpsideDown UIInterfaceOrientationLandscapeLeft UIInterfaceOrientationLandscapeRight";
				INFOPLIST_KEY_UISupportedInterfaceOrientations_iPhone = "UIInterfaceOrientationPortrait UIInterfaceOrientationLandscapeLeft UIInterfaceOrientationLandscapeRight";
				LD_RUNPATH_SEARCH_PATHS = (
					"$(inherited)",
					"@executable_path/Frameworks",
				);
				MARKETING_VERSION = 1.0;
				PRODUCT_BUNDLE_IDENTIFIER = "jruttan.Mustang-Metrics";
				PRODUCT_NAME = "$(TARGET_NAME)";
				SWIFT_EMIT_LOC_STRINGS = YES;
				SWIFT_VERSION = 5.0;
				TARGETED_DEVICE_FAMILY = "1,2";
			};
			name = Debug;
		};
		044D5E992D645C3E00703033 /* Release */ = {
			isa = XCBuildConfiguration;
			buildSettings = {
				ASSETCATALOG_COMPILER_APPICON_NAME = AppIcon;
				ASSETCATALOG_COMPILER_GLOBAL_ACCENT_COLOR_NAME = AccentColor;
				CODE_SIGN_STYLE = Automatic;
				CURRENT_PROJECT_VERSION = 1;
				DEVELOPMENT_ASSET_PATHS = "\"Mustang Metrics/Preview Content\"";
				ENABLE_PREVIEWS = YES;
				GENERATE_INFOPLIST_FILE = YES;
				INFOPLIST_KEY_UIApplicationSceneManifest_Generation = YES;
				INFOPLIST_KEY_UIApplicationSupportsIndirectInputEvents = YES;
				INFOPLIST_KEY_UILaunchScreen_Generation = YES;
				INFOPLIST_KEY_UISupportedInterfaceOrientations_iPad = "UIInterfaceOrientationPortrait UIInterfaceOrientationPortraitUpsideDown UIInterfaceOrientationLandscapeLeft UIInterfaceOrientationLandscapeRight";
				INFOPLIST_KEY_UISupportedInterfaceOrientations_iPhone = "UIInterfaceOrientationPortrait UIInterfaceOrientationLandscapeLeft UIInterfaceOrientationLandscapeRight";
				LD_RUNPATH_SEARCH_PATHS = (
					"$(inherited)",
					"@executable_path/Frameworks",
				);
				MARKETING_VERSION = 1.0;
				PRODUCT_BUNDLE_IDENTIFIER = "jruttan.Mustang-Metrics";
				PRODUCT_NAME = "$(TARGET_NAME)";
				SWIFT_EMIT_LOC_STRINGS = YES;
				SWIFT_VERSION = 5.0;
				TARGETED_DEVICE_FAMILY = "1,2";
			};
			name = Release;
		};
		044D5E9B2D645C3E00703033 /* Debug */ = {
			isa = XCBuildConfiguration;
			buildSettings = {
				BUNDLE_LOADER = "$(TEST_HOST)";
				CODE_SIGN_STYLE = Automatic;
				CURRENT_PROJECT_VERSION = 1;
				GENERATE_INFOPLIST_FILE = YES;
				IPHONEOS_DEPLOYMENT_TARGET = 18.2;
				MARKETING_VERSION = 1.0;
				PRODUCT_BUNDLE_IDENTIFIER = "jruttan.Mustang-MetricsTests";
				PRODUCT_NAME = "$(TARGET_NAME)";
				SWIFT_EMIT_LOC_STRINGS = NO;
				SWIFT_VERSION = 5.0;
				TARGETED_DEVICE_FAMILY = "1,2";
				TEST_HOST = "$(BUILT_PRODUCTS_DIR)/Mustang Metrics.app/$(BUNDLE_EXECUTABLE_FOLDER_PATH)/Mustang Metrics";
			};
			name = Debug;
		};
		044D5E9C2D645C3E00703033 /* Release */ = {
			isa = XCBuildConfiguration;
			buildSettings = {
				BUNDLE_LOADER = "$(TEST_HOST)";
				CODE_SIGN_STYLE = Automatic;
				CURRENT_PROJECT_VERSION = 1;
				GENERATE_INFOPLIST_FILE = YES;
				IPHONEOS_DEPLOYMENT_TARGET = 18.2;
				MARKETING_VERSION = 1.0;
				PRODUCT_BUNDLE_IDENTIFIER = "jruttan.Mustang-MetricsTests";
				PRODUCT_NAME = "$(TARGET_NAME)";
				SWIFT_EMIT_LOC_STRINGS = NO;
				SWIFT_VERSION = 5.0;
				TARGETED_DEVICE_FAMILY = "1,2";
				TEST_HOST = "$(BUILT_PRODUCTS_DIR)/Mustang Metrics.app/$(BUNDLE_EXECUTABLE_FOLDER_PATH)/Mustang Metrics";
			};
			name = Release;
		};
		044D5E9E2D645C3E00703033 /* Debug */ = {
			isa = XCBuildConfiguration;
			buildSettings = {
				CODE_SIGN_STYLE = Automatic;
				CURRENT_PROJECT_VERSION = 1;
				GENERATE_INFOPLIST_FILE = YES;
				MARKETING_VERSION = 1.0;
				PRODUCT_BUNDLE_IDENTIFIER = "jruttan.Mustang-MetricsUITests";
				PRODUCT_NAME = "$(TARGET_NAME)";
				SWIFT_EMIT_LOC_STRINGS = NO;
				SWIFT_VERSION = 5.0;
				TARGETED_DEVICE_FAMILY = "1,2";
				TEST_TARGET_NAME = "Mustang Metrics";
			};
			name = Debug;
		};
		044D5E9F2D645C3E00703033 /* Release */ = {
			isa = XCBuildConfiguration;
			buildSettings = {
				CODE_SIGN_STYLE = Automatic;
				CURRENT_PROJECT_VERSION = 1;
				GENERATE_INFOPLIST_FILE = YES;
				MARKETING_VERSION = 1.0;
				PRODUCT_BUNDLE_IDENTIFIER = "jruttan.Mustang-MetricsUITests";
				PRODUCT_NAME = "$(TARGET_NAME)";
				SWIFT_EMIT_LOC_STRINGS = NO;
				SWIFT_VERSION = 5.0;
				TARGETED_DEVICE_FAMILY = "1,2";
				TEST_TARGET_NAME = "Mustang Metrics";
			};
			name = Release;
		};
/* End XCBuildConfiguration section */

/* Begin XCConfigurationList section */
		044D5E6C2D645C3D00703033 /* Build configuration list for PBXProject "Mustang Metrics" */ = {
			isa = XCConfigurationList;
			buildConfigurations = (
				044D5E952D645C3E00703033 /* Debug */,
				044D5E962D645C3E00703033 /* Release */,
			);
			defaultConfigurationIsVisible = 0;
			defaultConfigurationName = Release;
		};
		044D5E972D645C3E00703033 /* Build configuration list for PBXNativeTarget "Mustang Metrics" */ = {
			isa = XCConfigurationList;
			buildConfigurations = (
				044D5E982D645C3E00703033 /* Debug */,
				044D5E992D645C3E00703033 /* Release */,
			);
			defaultConfigurationIsVisible = 0;
			defaultConfigurationName = Release;
		};
		044D5E9A2D645C3E00703033 /* Build configuration list for PBXNativeTarget "Mustang MetricsTests" */ = {
			isa = XCConfigurationList;
			buildConfigurations = (
				044D5E9B2D645C3E00703033 /* Debug */,
				044D5E9C2D645C3E00703033 /* Release */,
			);
			defaultConfigurationIsVisible = 0;
			defaultConfigurationName = Release;
		};
		044D5E9D2D645C3E00703033 /* Build configuration list for PBXNativeTarget "Mustang MetricsUITests" */ = {
			isa = XCConfigurationList;
			buildConfigurations = (
				044D5E9E2D645C3E00703033 /* Debug */,
				044D5E9F2D645C3E00703033 /* Release */,
			);
			defaultConfigurationIsVisible = 0;
			defaultConfigurationName = Release;
		};
/* End XCConfigurationList section */
	};
	rootObject = 044D5E692D645C3D00703033 /* Project object */;
}
